
Microsoft Visual Studio Solution File, Format Version 12.00
# Visual Studio 15
VisualStudioVersion = 15.0.28307.1082
MinimumVisualStudioVersion = 10.0.40219.1
Project("{FAE04EC0-301F-11D3-BF4B-00C04F79EFBC}") = "LV5_rppoon", "LV5_rppoon\LV5_rppoon.csproj", "{20336A18-75A8-44D2-B6DC-5AA22BA087FF}"
EndProject
Global
	GlobalSection(SolutionConfigurationPlatforms) = preSolution
		Debug|Any CPU = Debug|Any CPU
		Release|Any CPU = Release|Any CPU
	EndGlobalSection
	GlobalSection(ProjectConfigurationPlatforms) = postSolution
		{20336A18-75A8-44D2-B6DC-5AA22BA087FF}.Debug|Any CPU.ActiveCfg = Debug|Any CPU
		{20336A18-75A8-44D2-B6DC-5AA22BA087FF}.Debug|Any CPU.Build.0 = Debug|Any CPU
		{20336A18-75A8-44D2-B6DC-5AA22BA087FF}.Release|Any CPU.ActiveCfg = Release|Any CPU
		{20336A18-75A8-44D2-B6DC-5AA22BA087FF}.Release|Any CPU.Build.0 = Release|Any CPU
	EndGlobalSection
	GlobalSection(SolutionProperties) = preSolution
		HideSolutionNode = FALSE
	EndGlobalSection
	GlobalSection(ExtensibilityGlobals) = postSolution
		SolutionGuid = {1C7223CB-A29E-4F47-8B21-95FAF9FD20EE}
	EndGlobalSection
EndGlobal
